
Microsoft Visual Studio Solution File, Format Version 12.00
# Visual Studio Version 17
VisualStudioVersion = 17.0.31903.59
MinimumVisualStudioVersion = 10.0.40219.1
Project("{9A19103F-16F7-4668-BE54-9A1E7A4F7556}") = "TournamentTrackerApp.WinformsUI", "TournamentTrackerApp.WinformsUI\TournamentTrackerApp.WinformsUI.csproj", "{9BA8194B-1035-4C5C-973B-FD899A20D13B}"
EndProject
Project("{9A19103F-16F7-4668-BE54-9A1E7A4F7556}") = "TournamentTrackerLibrary", "TrackerLibrary\TournamentTrackerLibrary.csproj", "{FD272F70-494B-4B60-8DD1-95CDE8B154FC}"
EndProject
Project("{9A19103F-16F7-4668-BE54-9A1E7A4F7556}") = "DataBase.DataAccessLibrary.Dapper", "DataAccessLibrary\DataBase.DataAccessLibrary.Dapper.csproj", "{97F7627A-7640-4A04-B27A-BEBBFA33F56B}"
EndProject
Project("{9A19103F-16F7-4668-BE54-9A1E7A4F7556}") = "TournamentTracker.WebAPI", "TournamentTtracker.WebAPI\TournamentTracker.WebAPI.csproj", "{6CECE260-8C4D-44EC-8D68-C18FFCF7B52A}"
EndProject
Project("{00D1A9C2-B5F0-4AF3-8072-F6C62B433612}") = "TournamentTracker.SQLServerDatabase", "TournamentTracker.SQLServerDatabase\TournamentTracker.SQLServerDatabase.sqlproj", "{F50602FA-3648-43AC-BA23-F8C69DD8B742}"
EndProject
Project("{9A19103F-16F7-4668-BE54-9A1E7A4F7556}") = "UI.DataAccess.Refit", "UI.DataAccess.Refit\UI.DataAccess.Refit.csproj", "{1296694C-EDE9-4C0C-980F-EF184DF9D99F}"
EndProject
Project("{FAE04EC0-301F-11D3-BF4B-00C04F79EFBC}") = "EmailHelperLibrary", "EmailHelperLibrary\EmailHelperLibrary.csproj", "{AA20577F-A328-455D-8CC1-A1E8950A407D}"
EndProject
Global
	GlobalSection(SolutionConfigurationPlatforms) = preSolution
		Debug|Any CPU = Debug|Any CPU
		Release|Any CPU = Release|Any CPU
	EndGlobalSection
	GlobalSection(ProjectConfigurationPlatforms) = postSolution
		{9BA8194B-1035-4C5C-973B-FD899A20D13B}.Debug|Any CPU.ActiveCfg = Debug|Any CPU
		{9BA8194B-1035-4C5C-973B-FD899A20D13B}.Debug|Any CPU.Build.0 = Debug|Any CPU
		{9BA8194B-1035-4C5C-973B-FD899A20D13B}.Release|Any CPU.ActiveCfg = Release|Any CPU
		{9BA8194B-1035-4C5C-973B-FD899A20D13B}.Release|Any CPU.Build.0 = Release|Any CPU
		{FD272F70-494B-4B60-8DD1-95CDE8B154FC}.Debug|Any CPU.ActiveCfg = Debug|Any CPU
		{FD272F70-494B-4B60-8DD1-95CDE8B154FC}.Debug|Any CPU.Build.0 = Debug|Any CPU
		{FD272F70-494B-4B60-8DD1-95CDE8B154FC}.Release|Any CPU.ActiveCfg = Release|Any CPU
		{FD272F70-494B-4B60-8DD1-95CDE8B154FC}.Release|Any CPU.Build.0 = Release|Any CPU
		{97F7627A-7640-4A04-B27A-BEBBFA33F56B}.Debug|Any CPU.ActiveCfg = Debug|Any CPU
		{97F7627A-7640-4A04-B27A-BEBBFA33F56B}.Debug|Any CPU.Build.0 = Debug|Any CPU
		{97F7627A-7640-4A04-B27A-BEBBFA33F56B}.Release|Any CPU.ActiveCfg = Release|Any CPU
		{97F7627A-7640-4A04-B27A-BEBBFA33F56B}.Release|Any CPU.Build.0 = Release|Any CPU
		{6CECE260-8C4D-44EC-8D68-C18FFCF7B52A}.Debug|Any CPU.ActiveCfg = Debug|Any CPU
		{6CECE260-8C4D-44EC-8D68-C18FFCF7B52A}.Debug|Any CPU.Build.0 = Debug|Any CPU
		{6CECE260-8C4D-44EC-8D68-C18FFCF7B52A}.Release|Any CPU.ActiveCfg = Release|Any CPU
		{6CECE260-8C4D-44EC-8D68-C18FFCF7B52A}.Release|Any CPU.Build.0 = Release|Any CPU
		{F50602FA-3648-43AC-BA23-F8C69DD8B742}.Debug|Any CPU.ActiveCfg = Debug|Any CPU
		{F50602FA-3648-43AC-BA23-F8C69DD8B742}.Debug|Any CPU.Build.0 = Debug|Any CPU
		{F50602FA-3648-43AC-BA23-F8C69DD8B742}.Debug|Any CPU.Deploy.0 = Debug|Any CPU
		{F50602FA-3648-43AC-BA23-F8C69DD8B742}.Release|Any CPU.ActiveCfg = Release|Any CPU
		{F50602FA-3648-43AC-BA23-F8C69DD8B742}.Release|Any CPU.Build.0 = Release|Any CPU
		{F50602FA-3648-43AC-BA23-F8C69DD8B742}.Release|Any CPU.Deploy.0 = Release|Any CPU
		{1296694C-EDE9-4C0C-980F-EF184DF9D99F}.Debug|Any CPU.ActiveCfg = Debug|Any CPU
		{1296694C-EDE9-4C0C-980F-EF184DF9D99F}.Debug|Any CPU.Build.0 = Debug|Any CPU
		{1296694C-EDE9-4C0C-980F-EF184DF9D99F}.Release|Any CPU.ActiveCfg = Release|Any CPU
		{1296694C-EDE9-4C0C-980F-EF184DF9D99F}.Release|Any CPU.Build.0 = Release|Any CPU
		{AA20577F-A328-455D-8CC1-A1E8950A407D}.Debug|Any CPU.ActiveCfg = Debug|Any CPU
		{AA20577F-A328-455D-8CC1-A1E8950A407D}.Debug|Any CPU.Build.0 = Debug|Any CPU
		{AA20577F-A328-455D-8CC1-A1E8950A407D}.Release|Any CPU.ActiveCfg = Release|Any CPU
		{AA20577F-A328-455D-8CC1-A1E8950A407D}.Release|Any CPU.Build.0 = Release|Any CPU
	EndGlobalSection
	GlobalSection(SolutionProperties) = preSolution
		HideSolutionNode = FALSE
	EndGlobalSection
	GlobalSection(ExtensibilityGlobals) = postSolution
		SolutionGuid = {643A08FF-162F-495E-A9FE-BC5EE5A4F8E9}
	EndGlobalSection
EndGlobal
